
Microsoft Visual Studio Solution File, Format Version 12.00
# Visual Studio 2013
VisualStudioVersion = 12.0.40629.0
MinimumVisualStudioVersion = 10.0.40219.1
Project("{FAE04EC0-301F-11D3-BF4B-00C04F79EFBC}") = "CoursesAndroid", "CoursesAndroid\CoursesAndroid.csproj", "{D3F06CE8-DB8C-4266-BB1C-48FBEFABE537}"
EndProject
Project("{FAE04EC0-301F-11D3-BF4B-00C04F79EFBC}") = "CoursesiOS", "CoursesiOS\CoursesiOS.csproj", "{C757EF9F-1C70-42B3-B12C-2BD9B2F0BF67}"
EndProject
Project("{FAE04EC0-301F-11D3-BF4B-00C04F79EFBC}") = "CoursesLibrary", "CoursesLibrary\CoursesLibrary.csproj", "{74C0799F-9357-4413-AA5A-6168CF211078}"
EndProject
Global
	GlobalSection(SolutionConfigurationPlatforms) = preSolution
		Ad-Hoc|Any CPU = Ad-Hoc|Any CPU
		Ad-Hoc|iPhone = Ad-Hoc|iPhone
		Ad-Hoc|iPhoneSimulator = Ad-Hoc|iPhoneSimulator
		Ad-Hoc|Mixed Platforms = Ad-Hoc|Mixed Platforms
		AppStore|Any CPU = AppStore|Any CPU
		AppStore|iPhone = AppStore|iPhone
		AppStore|iPhoneSimulator = AppStore|iPhoneSimulator
		AppStore|Mixed Platforms = AppStore|Mixed Platforms
		Debug|Any CPU = Debug|Any CPU
		Debug|iPhone = Debug|iPhone
		Debug|iPhoneSimulator = Debug|iPhoneSimulator
		Debug|Mixed Platforms = Debug|Mixed Platforms
		Release|Any CPU = Release|Any CPU
		Release|iPhone = Release|iPhone
		Release|iPhoneSimulator = Release|iPhoneSimulator
		Release|Mixed Platforms = Release|Mixed Platforms
	EndGlobalSection
	GlobalSection(ProjectConfigurationPlatforms) = postSolution
		{D3F06CE8-DB8C-4266-BB1C-48FBEFABE537}.Ad-Hoc|Any CPU.ActiveCfg = Release|Any CPU
		{D3F06CE8-DB8C-4266-BB1C-48FBEFABE537}.Ad-Hoc|Any CPU.Build.0 = Release|Any CPU
		{D3F06CE8-DB8C-4266-BB1C-48FBEFABE537}.Ad-Hoc|Any CPU.Deploy.0 = Release|Any CPU
		{D3F06CE8-DB8C-4266-BB1C-48FBEFABE537}.Ad-Hoc|iPhone.ActiveCfg = Release|Any CPU
		{D3F06CE8-DB8C-4266-BB1C-48FBEFABE537}.Ad-Hoc|iPhoneSimulator.ActiveCfg = Release|Any CPU
		{D3F06CE8-DB8C-4266-BB1C-48FBEFABE537}.Ad-Hoc|Mixed Platforms.ActiveCfg = Release|Any CPU
		{D3F06CE8-DB8C-4266-BB1C-48FBEFABE537}.Ad-Hoc|Mixed Platforms.Build.0 = Release|Any CPU
		{D3F06CE8-DB8C-4266-BB1C-48FBEFABE537}.Ad-Hoc|Mixed Platforms.Deploy.0 = Release|Any CPU
		{D3F06CE8-DB8C-4266-BB1C-48FBEFABE537}.AppStore|Any CPU.ActiveCfg = Release|Any CPU
		{D3F06CE8-DB8C-4266-BB1C-48FBEFABE537}.AppStore|Any CPU.Build.0 = Release|Any CPU
		{D3F06CE8-DB8C-4266-BB1C-48FBEFABE537}.AppStore|Any CPU.Deploy.0 = Release|Any CPU
		{D3F06CE8-DB8C-4266-BB1C-48FBEFABE537}.AppStore|iPhone.ActiveCfg = Release|Any CPU
		{D3F06CE8-DB8C-4266-BB1C-48FBEFABE537}.AppStore|iPhoneSimulator.ActiveCfg = Release|Any CPU
		{D3F06CE8-DB8C-4266-BB1C-48FBEFABE537}.AppStore|Mixed Platforms.ActiveCfg = Release|Any CPU
		{D3F06CE8-DB8C-4266-BB1C-48FBEFABE537}.AppStore|Mixed Platforms.Build.0 = Release|Any CPU
		{D3F06CE8-DB8C-4266-BB1C-48FBEFABE537}.AppStore|Mixed Platforms.Deploy.0 = Release|Any CPU
		{D3F06CE8-DB8C-4266-BB1C-48FBEFABE537}.Debug|Any CPU.ActiveCfg = Debug|Any CPU
		{D3F06CE8-DB8C-4266-BB1C-48FBEFABE537}.Debug|Any CPU.Build.0 = Debug|Any CPU
		{D3F06CE8-DB8C-4266-BB1C-48FBEFABE537}.Debug|Any CPU.Deploy.0 = Debug|Any CPU
		{D3F06CE8-DB8C-4266-BB1C-48FBEFABE537}.Debug|iPhone.ActiveCfg = Debug|Any CPU
		{D3F06CE8-DB8C-4266-BB1C-48FBEFABE537}.Debug|iPhoneSimulator.ActiveCfg = Debug|Any CPU
		{D3F06CE8-DB8C-4266-BB1C-48FBEFABE537}.Debug|Mixed Platforms.ActiveCfg = Debug|Any CPU
		{D3F06CE8-DB8C-4266-BB1C-48FBEFABE537}.Debug|Mixed Platforms.Build.0 = Debug|Any CPU
		{D3F06CE8-DB8C-4266-BB1C-48FBEFABE537}.Debug|Mixed Platforms.Deploy.0 = Debug|Any CPU
		{D3F06CE8-DB8C-4266-BB1C-48FBEFABE537}.Release|Any CPU.ActiveCfg = Release|Any CPU
		{D3F06CE8-DB8C-4266-BB1C-48FBEFABE537}.Release|Any CPU.Build.0 = Release|Any CPU
		{D3F06CE8-DB8C-4266-BB1C-48FBEFABE537}.Release|Any CPU.Deploy.0 = Release|Any CPU
		{D3F06CE8-DB8C-4266-BB1C-48FBEFABE537}.Release|iPhone.ActiveCfg = Release|Any CPU
		{D3F06CE8-DB8C-4266-BB1C-48FBEFABE537}.Release|iPhoneSimulator.ActiveCfg = Release|Any CPU
		{D3F06CE8-DB8C-4266-BB1C-48FBEFABE537}.Release|Mixed Platforms.ActiveCfg = Release|Any CPU
		{D3F06CE8-DB8C-4266-BB1C-48FBEFABE537}.Release|Mixed Platforms.Build.0 = Release|Any CPU
		{D3F06CE8-DB8C-4266-BB1C-48FBEFABE537}.Release|Mixed Platforms.Deploy.0 = Release|Any CPU
		{C757EF9F-1C70-42B3-B12C-2BD9B2F0BF67}.Ad-Hoc|Any CPU.ActiveCfg = Ad-Hoc|iPhone
		{C757EF9F-1C70-42B3-B12C-2BD9B2F0BF67}.Ad-Hoc|iPhone.ActiveCfg = Ad-Hoc|iPhone
		{C757EF9F-1C70-42B3-B12C-2BD9B2F0BF67}.Ad-Hoc|iPhone.Build.0 = Ad-Hoc|iPhone
		{C757EF9F-1C70-42B3-B12C-2BD9B2F0BF67}.Ad-Hoc|iPhoneSimulator.ActiveCfg = Ad-Hoc|iPhoneSimulator
		{C757EF9F-1C70-42B3-B12C-2BD9B2F0BF67}.Ad-Hoc|iPhoneSimulator.Build.0 = Ad-Hoc|iPhoneSimulator
		{C757EF9F-1C70-42B3-B12C-2BD9B2F0BF67}.Ad-Hoc|Mixed Platforms.ActiveCfg = Ad-Hoc|iPhone
		{C757EF9F-1C70-42B3-B12C-2BD9B2F0BF67}.Ad-Hoc|Mixed Platforms.Build.0 = Ad-Hoc|iPhone
		{C757EF9F-1C70-42B3-B12C-2BD9B2F0BF67}.AppStore|Any CPU.ActiveCfg = AppStore|iPhone
		{C757EF9F-1C70-42B3-B12C-2BD9B2F0BF67}.AppStore|iPhone.ActiveCfg = AppStore|iPhone
		{C757EF9F-1C70-42B3-B12C-2BD9B2F0BF67}.AppStore|iPhone.Build.0 = AppStore|iPhone
		{C757EF9F-1C70-42B3-B12C-2BD9B2F0BF67}.AppStore|iPhoneSimulator.ActiveCfg = AppStore|iPhoneSimulator
		{C757EF9F-1C70-42B3-B12C-2BD9B2F0BF67}.AppStore|iPhoneSimulator.Build.0 = AppStore|iPhoneSimulator
		{C757EF9F-1C70-42B3-B12C-2BD9B2F0BF67}.AppStore|Mixed Platforms.ActiveCfg = AppStore|iPhone
		{C757EF9F-1C70-42B3-B12C-2BD9B2F0BF67}.AppStore|Mixed Platforms.Build.0 = AppStore|iPhone
		{C757EF9F-1C70-42B3-B12C-2BD9B2F0BF67}.Debug|Any CPU.ActiveCfg = Debug|iPhone
		{C757EF9F-1C70-42B3-B12C-2BD9B2F0BF67}.Debug|iPhone.ActiveCfg = Debug|iPhone
		{C757EF9F-1C70-42B3-B12C-2BD9B2F0BF67}.Debug|iPhone.Build.0 = Debug|iPhone
		{C757EF9F-1C70-42B3-B12C-2BD9B2F0BF67}.Debug|iPhoneSimulator.ActiveCfg = Debug|iPhoneSimulator
		{C757EF9F-1C70-42B3-B12C-2BD9B2F0BF67}.Debug|iPhoneSimulator.Build.0 = Debug|iPhoneSimulator
		{C757EF9F-1C70-42B3-B12C-2BD9B2F0BF67}.Debug|Mixed Platforms.ActiveCfg = Debug|iPhone
		{C757EF9F-1C70-42B3-B12C-2BD9B2F0BF67}.Debug|Mixed Platforms.Build.0 = Debug|iPhone
		{C757EF9F-1C70-42B3-B12C-2BD9B2F0BF67}.Release|Any CPU.ActiveCfg = Release|iPhone
		{C757EF9F-1C70-42B3-B12C-2BD9B2F0BF67}.Release|iPhone.ActiveCfg = Release|iPhone
		{C757EF9F-1C70-42B3-B12C-2BD9B2F0BF67}.Release|iPhone.Build.0 = Release|iPhone
		{C757EF9F-1C70-42B3-B12C-2BD9B2F0BF67}.Release|iPhoneSimulator.ActiveCfg = Release|iPhoneSimulator
		{C757EF9F-1C70-42B3-B12C-2BD9B2F0BF67}.Release|iPhoneSimulator.Build.0 = Release|iPhoneSimulator
		{C757EF9F-1C70-42B3-B12C-2BD9B2F0BF67}.Release|Mixed Platforms.ActiveCfg = Release|iPhone
		{C757EF9F-1C70-42B3-B12C-2BD9B2F0BF67}.Release|Mixed Platforms.Build.0 = Release|iPhone
		{74C0799F-9357-4413-AA5A-6168CF211078}.Ad-Hoc|Any CPU.ActiveCfg = Release|Any CPU
		{74C0799F-9357-4413-AA5A-6168CF211078}.Ad-Hoc|Any CPU.Build.0 = Release|Any CPU
		{74C0799F-9357-4413-AA5A-6168CF211078}.Ad-Hoc|iPhone.ActiveCfg = Release|Any CPU
		{74C0799F-9357-4413-AA5A-6168CF211078}.Ad-Hoc|iPhoneSimulator.ActiveCfg = Release|Any CPU
		{74C0799F-9357-4413-AA5A-6168CF211078}.Ad-Hoc|Mixed Platforms.ActiveCfg = Release|Any CPU
		{74C0799F-9357-4413-AA5A-6168CF211078}.Ad-Hoc|Mixed Platforms.Build.0 = Release|Any CPU
		{74C0799F-9357-4413-AA5A-6168CF211078}.AppStore|Any CPU.ActiveCfg = Release|Any CPU
		{74C0799F-9357-4413-AA5A-6168CF211078}.AppStore|Any CPU.Build.0 = Release|Any CPU
		{74C0799F-9357-4413-AA5A-6168CF211078}.AppStore|iPhone.ActiveCfg = Release|Any CPU
		{74C0799F-9357-4413-AA5A-6168CF211078}.AppStore|iPhoneSimulator.ActiveCfg = Release|Any CPU
		{74C0799F-9357-4413-AA5A-6168CF211078}.AppStore|Mixed Platforms.ActiveCfg = Release|Any CPU
		{74C0799F-9357-4413-AA5A-6168CF211078}.AppStore|Mixed Platforms.Build.0 = Release|Any CPU
		{74C0799F-9357-4413-AA5A-6168CF211078}.Debug|Any CPU.ActiveCfg = Debug|Any CPU
		{74C0799F-9357-4413-AA5A-6168CF211078}.Debug|Any CPU.Build.0 = Debug|Any CPU
		{74C0799F-9357-4413-AA5A-6168CF211078}.Debug|iPhone.ActiveCfg = Debug|Any CPU
		{74C0799F-9357-4413-AA5A-6168CF211078}.Debug|iPhoneSimulator.ActiveCfg = Debug|Any CPU
		{74C0799F-9357-4413-AA5A-6168CF211078}.Debug|Mixed Platforms.ActiveCfg = Debug|Any CPU
		{74C0799F-9357-4413-AA5A-6168CF211078}.Debug|Mixed Platforms.Build.0 = Debug|Any CPU
		{74C0799F-9357-4413-AA5A-6168CF211078}.Release|Any CPU.ActiveCfg = Release|Any CPU
		{74C0799F-9357-4413-AA5A-6168CF211078}.Release|Any CPU.Build.0 = Release|Any CPU
		{74C0799F-9357-4413-AA5A-6168CF211078}.Release|iPhone.ActiveCfg = Release|Any CPU
		{74C0799F-9357-4413-AA5A-6168CF211078}.Release|iPhoneSimulator.ActiveCfg = Release|Any CPU
		{74C0799F-9357-4413-AA5A-6168CF211078}.Release|Mixed Platforms.ActiveCfg = Release|Any CPU
		{74C0799F-9357-4413-AA5A-6168CF211078}.Release|Mixed Platforms.Build.0 = Release|Any CPU
	EndGlobalSection
	GlobalSection(SolutionProperties) = preSolution
		HideSolutionNode = FALSE
	EndGlobalSection
EndGlobal
